
Microsoft Visual Studio Solution File, Format Version 12.00
# Visual Studio Version 16
VisualStudioVersion = 16.0.30804.86
MinimumVisualStudioVersion = 10.0.40219.1
Project("{FAE04EC0-301F-11D3-BF4B-00C04F79EFBC}") = "Conversao", "Conversao\Conversao.csproj", "{7E632819-E900-4C56-BBAA-81C090044229}"
EndProject
Global
	GlobalSection(SolutionConfigurationPlatforms) = preSolution
		Debug|Any CPU = Debug|Any CPU
		Release|Any CPU = Release|Any CPU
	EndGlobalSection
	GlobalSection(ProjectConfigurationPlatforms) = postSolution
		{7E632819-E900-4C56-BBAA-81C090044229}.Debug|Any CPU.ActiveCfg = Debug|Any CPU
		{7E632819-E900-4C56-BBAA-81C090044229}.Debug|Any CPU.Build.0 = Debug|Any CPU
		{7E632819-E900-4C56-BBAA-81C090044229}.Release|Any CPU.ActiveCfg = Release|Any CPU
		{7E632819-E900-4C56-BBAA-81C090044229}.Release|Any CPU.Build.0 = Release|Any CPU
	EndGlobalSection
	GlobalSection(SolutionProperties) = preSolution
		HideSolutionNode = FALSE
	EndGlobalSection
	GlobalSection(ExtensibilityGlobals) = postSolution
		SolutionGuid = {1D7FA876-0581-4A63-A323-F3A89217264A}
	EndGlobalSection
EndGlobal
