
Microsoft Visual Studio Solution File, Format Version 12.00
# Visual Studio Version 16
VisualStudioVersion = 16.0.30804.86
MinimumVisualStudioVersion = 10.0.40219.1
Project("{FAE04EC0-301F-11D3-BF4B-00C04F79EFBC}") = "EntradaSaida", "EntradaSaida\EntradaSaida.csproj", "{7FD75623-12DB-4FF9-8D22-EE0D9A183281}"
EndProject
Global
	GlobalSection(SolutionConfigurationPlatforms) = preSolution
		Debug|Any CPU = Debug|Any CPU
		Release|Any CPU = Release|Any CPU
	EndGlobalSection
	GlobalSection(ProjectConfigurationPlatforms) = postSolution
		{7FD75623-12DB-4FF9-8D22-EE0D9A183281}.Debug|Any CPU.ActiveCfg = Debug|Any CPU
		{7FD75623-12DB-4FF9-8D22-EE0D9A183281}.Debug|Any CPU.Build.0 = Debug|Any CPU
		{7FD75623-12DB-4FF9-8D22-EE0D9A183281}.Release|Any CPU.ActiveCfg = Release|Any CPU
		{7FD75623-12DB-4FF9-8D22-EE0D9A183281}.Release|Any CPU.Build.0 = Release|Any CPU
	EndGlobalSection
	GlobalSection(SolutionProperties) = preSolution
		HideSolutionNode = FALSE
	EndGlobalSection
	GlobalSection(ExtensibilityGlobals) = postSolution
		SolutionGuid = {4036564F-9DF2-495A-BE26-2674B28C857A}
	EndGlobalSection
EndGlobal
