
Microsoft Visual Studio Solution File, Format Version 12.00
# Visual Studio Version 16
VisualStudioVersion = 16.0.30804.86
MinimumVisualStudioVersion = 10.0.40219.1
Project("{FAE04EC0-301F-11D3-BF4B-00C04F79EFBC}") = "CalcularIMC", "CalcularIMC\CalcularIMC.csproj", "{81727181-3C52-4D9D-90A8-0F6656961C2D}"
EndProject
Global
	GlobalSection(SolutionConfigurationPlatforms) = preSolution
		Debug|Any CPU = Debug|Any CPU
		Release|Any CPU = Release|Any CPU
	EndGlobalSection
	GlobalSection(ProjectConfigurationPlatforms) = postSolution
		{81727181-3C52-4D9D-90A8-0F6656961C2D}.Debug|Any CPU.ActiveCfg = Debug|Any CPU
		{81727181-3C52-4D9D-90A8-0F6656961C2D}.Debug|Any CPU.Build.0 = Debug|Any CPU
		{81727181-3C52-4D9D-90A8-0F6656961C2D}.Release|Any CPU.ActiveCfg = Release|Any CPU
		{81727181-3C52-4D9D-90A8-0F6656961C2D}.Release|Any CPU.Build.0 = Release|Any CPU
	EndGlobalSection
	GlobalSection(SolutionProperties) = preSolution
		HideSolutionNode = FALSE
	EndGlobalSection
	GlobalSection(ExtensibilityGlobals) = postSolution
		SolutionGuid = {FDF3464E-B77A-40A5-990B-497B5D297FC5}
	EndGlobalSection
EndGlobal
