
Microsoft Visual Studio Solution File, Format Version 12.00
# Visual Studio Version 16
VisualStudioVersion = 16.0.30804.86
MinimumVisualStudioVersion = 10.0.40219.1
Project("{FAE04EC0-301F-11D3-BF4B-00C04F79EFBC}") = "ConversorTemperatura", "ConversorTemperatura\ConversorTemperatura.csproj", "{DEFEDE3F-8136-494D-B247-C72F414DB6BE}"
EndProject
Global
	GlobalSection(SolutionConfigurationPlatforms) = preSolution
		Debug|Any CPU = Debug|Any CPU
		Release|Any CPU = Release|Any CPU
	EndGlobalSection
	GlobalSection(ProjectConfigurationPlatforms) = postSolution
		{DEFEDE3F-8136-494D-B247-C72F414DB6BE}.Debug|Any CPU.ActiveCfg = Debug|Any CPU
		{DEFEDE3F-8136-494D-B247-C72F414DB6BE}.Debug|Any CPU.Build.0 = Debug|Any CPU
		{DEFEDE3F-8136-494D-B247-C72F414DB6BE}.Release|Any CPU.ActiveCfg = Release|Any CPU
		{DEFEDE3F-8136-494D-B247-C72F414DB6BE}.Release|Any CPU.Build.0 = Release|Any CPU
	EndGlobalSection
	GlobalSection(SolutionProperties) = preSolution
		HideSolutionNode = FALSE
	EndGlobalSection
	GlobalSection(ExtensibilityGlobals) = postSolution
		SolutionGuid = {86B8D3A5-1FA4-46D6-96ED-64EF04B5CEB8}
	EndGlobalSection
EndGlobal
